
Microsoft Visual Studio Solution File, Format Version 12.00
# Visual Studio 15
VisualStudioVersion = 15.0.27004.2010
MinimumVisualStudioVersion = 10.0.40219.1
Project("{FAE04EC0-301F-11D3-BF4B-00C04F79EFBC}") = "DILib", "DILib\DILib.csproj", "{81F579FE-FDBB-4876-AB02-07A079F1173E}"
EndProject
Project("{FAE04EC0-301F-11D3-BF4B-00C04F79EFBC}") = "DIconsoleUI", "DIconsoleUI\DIconsoleUI.csproj", "{7F36DD43-F5BB-440E-B937-C19ED399B41B}"
EndProject
Project("{FAE04EC0-301F-11D3-BF4B-00C04F79EFBC}") = "DITester", "DITester\DITester.csproj", "{0F06BFD2-26BE-4979-AC63-CB2C61B52959}"
EndProject
Global
	GlobalSection(SolutionConfigurationPlatforms) = preSolution
		Debug|Any CPU = Debug|Any CPU
		Release|Any CPU = Release|Any CPU
	EndGlobalSection
	GlobalSection(ProjectConfigurationPlatforms) = postSolution
		{81F579FE-FDBB-4876-AB02-07A079F1173E}.Debug|Any CPU.ActiveCfg = Debug|Any CPU
		{81F579FE-FDBB-4876-AB02-07A079F1173E}.Debug|Any CPU.Build.0 = Debug|Any CPU
		{81F579FE-FDBB-4876-AB02-07A079F1173E}.Release|Any CPU.ActiveCfg = Release|Any CPU
		{81F579FE-FDBB-4876-AB02-07A079F1173E}.Release|Any CPU.Build.0 = Release|Any CPU
		{7F36DD43-F5BB-440E-B937-C19ED399B41B}.Debug|Any CPU.ActiveCfg = Debug|Any CPU
		{7F36DD43-F5BB-440E-B937-C19ED399B41B}.Debug|Any CPU.Build.0 = Debug|Any CPU
		{7F36DD43-F5BB-440E-B937-C19ED399B41B}.Release|Any CPU.ActiveCfg = Release|Any CPU
		{7F36DD43-F5BB-440E-B937-C19ED399B41B}.Release|Any CPU.Build.0 = Release|Any CPU
		{0F06BFD2-26BE-4979-AC63-CB2C61B52959}.Debug|Any CPU.ActiveCfg = Debug|Any CPU
		{0F06BFD2-26BE-4979-AC63-CB2C61B52959}.Debug|Any CPU.Build.0 = Debug|Any CPU
		{0F06BFD2-26BE-4979-AC63-CB2C61B52959}.Release|Any CPU.ActiveCfg = Release|Any CPU
		{0F06BFD2-26BE-4979-AC63-CB2C61B52959}.Release|Any CPU.Build.0 = Release|Any CPU
	EndGlobalSection
	GlobalSection(SolutionProperties) = preSolution
		HideSolutionNode = FALSE
	EndGlobalSection
	GlobalSection(ExtensibilityGlobals) = postSolution
		SolutionGuid = {BAD53620-D1A9-4CB0-BA1A-E27CF5830BF0}
	EndGlobalSection
EndGlobal
